
Microsoft Visual Studio Solution File, Format Version 12.00
# Visual Studio Version 16
VisualStudioVersion = 16.0.30621.155
MinimumVisualStudioVersion = 10.0.40219.1
Project("{FAE04EC0-301F-11D3-BF4B-00C04F79EFBC}") = "OutputParameters", "OutputParameters\OutputParameters.csproj", "{1D9374B6-DC38-413C-BEFB-EF21D1CF5D30}"
EndProject
Global
	GlobalSection(SolutionConfigurationPlatforms) = preSolution
		Debug|Any CPU = Debug|Any CPU
		Release|Any CPU = Release|Any CPU
	EndGlobalSection
	GlobalSection(ProjectConfigurationPlatforms) = postSolution
		{1D9374B6-DC38-413C-BEFB-EF21D1CF5D30}.Debug|Any CPU.ActiveCfg = Debug|Any CPU
		{1D9374B6-DC38-413C-BEFB-EF21D1CF5D30}.Debug|Any CPU.Build.0 = Debug|Any CPU
		{1D9374B6-DC38-413C-BEFB-EF21D1CF5D30}.Release|Any CPU.ActiveCfg = Release|Any CPU
		{1D9374B6-DC38-413C-BEFB-EF21D1CF5D30}.Release|Any CPU.Build.0 = Release|Any CPU
	EndGlobalSection
	GlobalSection(SolutionProperties) = preSolution
		HideSolutionNode = FALSE
	EndGlobalSection
	GlobalSection(ExtensibilityGlobals) = postSolution
		SolutionGuid = {EFEC8160-C0E5-43AD-9CE6-0338E5A06BC9}
	EndGlobalSection
EndGlobal
