
Microsoft Visual Studio Solution File, Format Version 12.00
# Visual Studio Version 16
VisualStudioVersion = 16.0.30621.155
MinimumVisualStudioVersion = 10.0.40219.1
Project("{FAE04EC0-301F-11D3-BF4B-00C04F79EFBC}") = "OverloadingOperators", "OverloadingOperators\OverloadingOperators.csproj", "{B818535F-1B08-4842-B0D0-58939C5994BC}"
EndProject
Global
	GlobalSection(SolutionConfigurationPlatforms) = preSolution
		Debug|Any CPU = Debug|Any CPU
		Release|Any CPU = Release|Any CPU
	EndGlobalSection
	GlobalSection(ProjectConfigurationPlatforms) = postSolution
		{B818535F-1B08-4842-B0D0-58939C5994BC}.Debug|Any CPU.ActiveCfg = Debug|Any CPU
		{B818535F-1B08-4842-B0D0-58939C5994BC}.Debug|Any CPU.Build.0 = Debug|Any CPU
		{B818535F-1B08-4842-B0D0-58939C5994BC}.Release|Any CPU.ActiveCfg = Release|Any CPU
		{B818535F-1B08-4842-B0D0-58939C5994BC}.Release|Any CPU.Build.0 = Release|Any CPU
	EndGlobalSection
	GlobalSection(SolutionProperties) = preSolution
		HideSolutionNode = FALSE
	EndGlobalSection
	GlobalSection(ExtensibilityGlobals) = postSolution
		SolutionGuid = {0D088BFE-2AAB-48E4-913F-39E0FC9B85BF}
	EndGlobalSection
EndGlobal
