
Microsoft Visual Studio Solution File, Format Version 12.00
# Visual Studio Version 16
VisualStudioVersion = 16.0.30621.155
MinimumVisualStudioVersion = 10.0.40219.1
Project("{FAE04EC0-301F-11D3-BF4B-00C04F79EFBC}") = "Abstract", "Abstract\Abstract.csproj", "{8B99DAE0-E035-45E1-BFDC-D91281E78E37}"
EndProject
Global
	GlobalSection(SolutionConfigurationPlatforms) = preSolution
		Debug|Any CPU = Debug|Any CPU
		Release|Any CPU = Release|Any CPU
	EndGlobalSection
	GlobalSection(ProjectConfigurationPlatforms) = postSolution
		{8B99DAE0-E035-45E1-BFDC-D91281E78E37}.Debug|Any CPU.ActiveCfg = Debug|Any CPU
		{8B99DAE0-E035-45E1-BFDC-D91281E78E37}.Debug|Any CPU.Build.0 = Debug|Any CPU
		{8B99DAE0-E035-45E1-BFDC-D91281E78E37}.Release|Any CPU.ActiveCfg = Release|Any CPU
		{8B99DAE0-E035-45E1-BFDC-D91281E78E37}.Release|Any CPU.Build.0 = Release|Any CPU
	EndGlobalSection
	GlobalSection(SolutionProperties) = preSolution
		HideSolutionNode = FALSE
	EndGlobalSection
	GlobalSection(ExtensibilityGlobals) = postSolution
		SolutionGuid = {FFE5F53F-9163-4449-BCEA-5E8C423867FA}
	EndGlobalSection
EndGlobal
