
Microsoft Visual Studio Solution File, Format Version 12.00
# Visual Studio Version 16
VisualStudioVersion = 16.0.30717.126
MinimumVisualStudioVersion = 10.0.40219.1
Project("{FAE04EC0-301F-11D3-BF4B-00C04F79EFBC}") = "Lambdas", "Lambdas\Lambdas.csproj", "{0C7880D1-BC2C-45DC-82F0-934A06EF1773}"
EndProject
Global
	GlobalSection(SolutionConfigurationPlatforms) = preSolution
		Debug|Any CPU = Debug|Any CPU
		Release|Any CPU = Release|Any CPU
	EndGlobalSection
	GlobalSection(ProjectConfigurationPlatforms) = postSolution
		{0C7880D1-BC2C-45DC-82F0-934A06EF1773}.Debug|Any CPU.ActiveCfg = Debug|Any CPU
		{0C7880D1-BC2C-45DC-82F0-934A06EF1773}.Debug|Any CPU.Build.0 = Debug|Any CPU
		{0C7880D1-BC2C-45DC-82F0-934A06EF1773}.Release|Any CPU.ActiveCfg = Release|Any CPU
		{0C7880D1-BC2C-45DC-82F0-934A06EF1773}.Release|Any CPU.Build.0 = Release|Any CPU
	EndGlobalSection
	GlobalSection(SolutionProperties) = preSolution
		HideSolutionNode = FALSE
	EndGlobalSection
	GlobalSection(ExtensibilityGlobals) = postSolution
		SolutionGuid = {3EC5E617-32D5-4E06-AE78-387745B81667}
	EndGlobalSection
EndGlobal
