
Microsoft Visual Studio Solution File, Format Version 12.00
# Visual Studio Version 16
VisualStudioVersion = 16.0.30621.155
MinimumVisualStudioVersion = 10.0.40219.1
Project("{FAE04EC0-301F-11D3-BF4B-00C04F79EFBC}") = "Acme", "Acme\Acme.csproj", "{14BD1BC7-D9C1-4B31-AD26-54BCDA7CA90D}"
EndProject
Global
	GlobalSection(SolutionConfigurationPlatforms) = preSolution
		Debug|Any CPU = Debug|Any CPU
		Release|Any CPU = Release|Any CPU
	EndGlobalSection
	GlobalSection(ProjectConfigurationPlatforms) = postSolution
		{14BD1BC7-D9C1-4B31-AD26-54BCDA7CA90D}.Debug|Any CPU.ActiveCfg = Debug|Any CPU
		{14BD1BC7-D9C1-4B31-AD26-54BCDA7CA90D}.Debug|Any CPU.Build.0 = Debug|Any CPU
		{14BD1BC7-D9C1-4B31-AD26-54BCDA7CA90D}.Release|Any CPU.ActiveCfg = Release|Any CPU
		{14BD1BC7-D9C1-4B31-AD26-54BCDA7CA90D}.Release|Any CPU.Build.0 = Release|Any CPU
	EndGlobalSection
	GlobalSection(SolutionProperties) = preSolution
		HideSolutionNode = FALSE
	EndGlobalSection
	GlobalSection(ExtensibilityGlobals) = postSolution
		SolutionGuid = {FD7FC17A-F56F-4658-BBC0-ED4D2B41053C}
	EndGlobalSection
EndGlobal
