
Microsoft Visual Studio Solution File, Format Version 12.00
# Visual Studio Version 16
VisualStudioVersion = 16.0.30621.155
MinimumVisualStudioVersion = 10.0.40219.1
Project("{FAE04EC0-301F-11D3-BF4B-00C04F79EFBC}") = "MathExercise", "MathExercise\MathExercise.csproj", "{2D95D58E-491C-482E-8657-72CFB0214868}"
EndProject
Global
	GlobalSection(SolutionConfigurationPlatforms) = preSolution
		Debug|Any CPU = Debug|Any CPU
		Release|Any CPU = Release|Any CPU
	EndGlobalSection
	GlobalSection(ProjectConfigurationPlatforms) = postSolution
		{2D95D58E-491C-482E-8657-72CFB0214868}.Debug|Any CPU.ActiveCfg = Debug|Any CPU
		{2D95D58E-491C-482E-8657-72CFB0214868}.Debug|Any CPU.Build.0 = Debug|Any CPU
		{2D95D58E-491C-482E-8657-72CFB0214868}.Release|Any CPU.ActiveCfg = Release|Any CPU
		{2D95D58E-491C-482E-8657-72CFB0214868}.Release|Any CPU.Build.0 = Release|Any CPU
	EndGlobalSection
	GlobalSection(SolutionProperties) = preSolution
		HideSolutionNode = FALSE
	EndGlobalSection
	GlobalSection(ExtensibilityGlobals) = postSolution
		SolutionGuid = {141A21EA-B91D-4D60-B901-2503B33292E2}
	EndGlobalSection
EndGlobal
